
Microsoft Visual Studio Solution File, Format Version 12.00
# Visual Studio Version 17
VisualStudioVersion = 17.11.35303.130
MinimumVisualStudioVersion = 10.0.40219.1
Project("{2150E333-8FDC-42A3-9474-1A3956D46DE8}") = "Task0", "Task0", "{05109A5A-4E89-44C8-9436-92DA3FB73BA3}"
EndProject
Project("{9A19103F-16F7-4668-BE54-9A1E7A4F7556}") = "Tyuiu.ZainetdinovRA.Sprint1.Task0.V19", "Tyuiu.ZainetdinovRA.Sprint1.Task0.V19\Tyuiu.ZainetdinovRA.Sprint1.Task0.V19.csproj", "{9D74DC04-649E-44D5-810D-7B05FFE83C05}"
EndProject
Project("{9A19103F-16F7-4668-BE54-9A1E7A4F7556}") = "Tyuiu.ZainetdinovRA.Sprint1.Task0.V19.Lib", "Tyuiu.ZainetdinovRA.Sprint1.Task0.V19.Lib\Tyuiu.ZainetdinovRA.Sprint1.Task0.V19.Lib.csproj", "{5B27745E-F63F-403C-AA84-E401C1BBE12C}"
EndProject
Project("{9A19103F-16F7-4668-BE54-9A1E7A4F7556}") = "Tyuiu.ZainetdinovRA.Sprint1.Task0.V19.Test", "Tyuiu.ZainetdinovRA.Sprint1.Task0.V19.Test\Tyuiu.ZainetdinovRA.Sprint1.Task0.V19.Test.csproj", "{2AF68E5B-854C-4634-8617-5835E26BFF7D}"
EndProject
Project("{2150E333-8FDC-42A3-9474-1A3956D46DE8}") = "Task1", "Task1", "{3C75C75F-806F-4083-A738-4B543694105C}"
EndProject
Project("{9A19103F-16F7-4668-BE54-9A1E7A4F7556}") = "Tyuiu.ZainetdinovRA.Sprint1.Task1.V24", "Tyuiu.ZainetdinovRA.Sprint1.Task1.V24\Tyuiu.ZainetdinovRA.Sprint1.Task1.V24.csproj", "{06FE0FB5-295E-495B-BC19-D1FFA390BDCF}"
EndProject
Project("{9A19103F-16F7-4668-BE54-9A1E7A4F7556}") = "Tyuiu.ZainetdinovRA.Sprint1.Task1.V24.Lib", "Tyuiu.ZainetdinovRA.Sprint1.Task1.V24.Lib\Tyuiu.ZainetdinovRA.Sprint1.Task1.V24.Lib.csproj", "{F5920EE1-E8B1-4A19-87C1-1C5B0F76C666}"
EndProject
Project("{9A19103F-16F7-4668-BE54-9A1E7A4F7556}") = "Tyuiu.ZainetdinovRA.Sprint1.Task1.V24.Test", "Tyuiu.ZainetdinovRA.Sprint1.Task1.V24.Test\Tyuiu.ZainetdinovRA.Sprint1.Task1.V24.Test.csproj", "{3E8E2CD5-1F60-4138-8722-72B3CE601E10}"
EndProject
Project("{2150E333-8FDC-42A3-9474-1A3956D46DE8}") = "Task2", "Task2", "{F65CAA9C-A4B3-416E-B6BC-DF1F290BE71A}"
EndProject
Project("{9A19103F-16F7-4668-BE54-9A1E7A4F7556}") = "Tyuiu.ZainetdinovRA.Sprint1.Task2.V6", "Tyuiu.ZainetdinovRA.Sprint1.Task2.V6\Tyuiu.ZainetdinovRA.Sprint1.Task2.V6.csproj", "{15BB458C-093D-4FCD-9F3A-0852D7A51A70}"
EndProject
Project("{9A19103F-16F7-4668-BE54-9A1E7A4F7556}") = "Tyuiu.ZainetdinovRA.Sprint1.Task2.V6.Lib", "Tyuiu.ZainetdinovRA.Sprint1.Task2.V6.Lib\Tyuiu.ZainetdinovRA.Sprint1.Task2.V6.Lib.csproj", "{EF09FC20-AEDA-49FE-A0EF-3A610E547FC5}"
EndProject
Project("{9A19103F-16F7-4668-BE54-9A1E7A4F7556}") = "Tyuiu.ZainetdinovRA.Sprint1.Task2.V6.Test", "Tyuiu.ZainetdinovRA.Sprint1.Task2.V6.Test\Tyuiu.ZainetdinovRA.Sprint1.Task2.V6.Test.csproj", "{2F95034C-74EF-4F4C-AB81-7130DAAC4074}"
EndProject
Project("{2150E333-8FDC-42A3-9474-1A3956D46DE8}") = "Task3", "Task3", "{B3970FD1-1FA4-4671-A8F1-60BF86BCD25D}"
EndProject
Project("{9A19103F-16F7-4668-BE54-9A1E7A4F7556}") = "Tyuiu.ZainetdinovRA.Sprint1.Task3.V17", "Tyuiu.ZainetdinovRA.Sprint1.Task3.V17\Tyuiu.ZainetdinovRA.Sprint1.Task3.V17.csproj", "{1119F26A-BAFB-4831-907F-DE287436FEBD}"
EndProject
Project("{9A19103F-16F7-4668-BE54-9A1E7A4F7556}") = "Tyuiu.ZainetdinovRA.Sprint1.Task3.V17.Lib", "Tyuiu.ZainetdinovRA.Sprint1.Task3.V17.Lib\Tyuiu.ZainetdinovRA.Sprint1.Task3.V17.Lib.csproj", "{11778D91-CA54-4D46-B187-BA915666D468}"
EndProject
Project("{9A19103F-16F7-4668-BE54-9A1E7A4F7556}") = "Tyuiu.ZainetdinovRA.Sprint1.Task3.V17.Test", "Tyuiu.ZainetdinovRA.Sprint1.Task3.V17.Test\Tyuiu.ZainetdinovRA.Sprint1.Task3.V17.Test.csproj", "{05E4EEB3-EFD0-490E-8B02-C46B9DB96D88}"
EndProject
Project("{2150E333-8FDC-42A3-9474-1A3956D46DE8}") = "Task4", "Task4", "{22E6BB94-5E21-4715-9FFB-9FA7B079BE6C}"
EndProject
Project("{9A19103F-16F7-4668-BE54-9A1E7A4F7556}") = "Tyuiu.ZainetdinovRA.Sprint1.Task4.V18", "Tyuiu.ZainetdinovRA.Sprint1.Task4.V18\Tyuiu.ZainetdinovRA.Sprint1.Task4.V18.csproj", "{7D3F8D4A-F802-42C8-A6B7-CF567110E0C3}"
EndProject
Project("{9A19103F-16F7-4668-BE54-9A1E7A4F7556}") = "Tyuiu.ZainetdinovRA.Sprint1.Task4.V18.Lib", "Tyuiu.ZainetdinovRA.Sprint1.Task4.V18.Lib\Tyuiu.ZainetdinovRA.Sprint1.Task4.V18.Lib.csproj", "{4383F9F3-03BD-44AE-8A0D-316C9AFD9AC1}"
EndProject
Project("{9A19103F-16F7-4668-BE54-9A1E7A4F7556}") = "Tyuiu.ZainetdinovRA.Sprint1.Task4.V18.Test", "Tyuiu.ZainetdinovRA.Sprint1.Task4.V18.Test\Tyuiu.ZainetdinovRA.Sprint1.Task4.V18.Test.csproj", "{7A4E07C3-C479-4D6D-BA78-9303652B6064}"
EndProject
Project("{2150E333-8FDC-42A3-9474-1A3956D46DE8}") = "Task5", "Task5", "{8812A843-1B68-4021-B257-D5B0A89E561B}"
EndProject
Project("{9A19103F-16F7-4668-BE54-9A1E7A4F7556}") = "Tyuiu.ZainetdinovRA.Sprint1.Task5.V6", "Tyuiu.ZainetdinovRA.Sprint1.Task5.V6\Tyuiu.ZainetdinovRA.Sprint1.Task5.V6.csproj", "{8D850DC6-0253-4F9D-AD28-E5A0010ACCE8}"
EndProject
Project("{9A19103F-16F7-4668-BE54-9A1E7A4F7556}") = "Tyuiu.ZainetdinovRA.Sprint1.Task5.V6.Lib", "Tyuiu.ZainetdinovRA.Sprint1.Task5.V6.Lib\Tyuiu.ZainetdinovRA.Sprint1.Task5.V6.Lib.csproj", "{9015FD4E-86DB-465E-AB86-8A2FEEC66467}"
EndProject
Project("{9A19103F-16F7-4668-BE54-9A1E7A4F7556}") = "Tyuiu.ZainetdinovRA.Sprint1.Task5.V6.Test", "Tyuiu.ZainetdinovRA.Sprint1.Task5.V6.Test\Tyuiu.ZainetdinovRA.Sprint1.Task5.V6.Test.csproj", "{0A73A0C9-739C-43CB-A5AB-3B8DF7519DA2}"
EndProject
Project("{2150E333-8FDC-42A3-9474-1A3956D46DE8}") = "Task6", "Task6", "{21FACC9E-8F38-4A54-8840-01B2C4B3D8FB}"
EndProject
Project("{9A19103F-16F7-4668-BE54-9A1E7A4F7556}") = "Tyuiu.ZainetdinovRA.Sprint1.Task6.V2.Lib", "Tyuiu.ZainetdinovRA.Sprint1.Task6.V2.Lib\Tyuiu.ZainetdinovRA.Sprint1.Task6.V2.Lib.csproj", "{5F57DD96-361A-4914-839A-19DB4878EE71}"
EndProject
Project("{9A19103F-16F7-4668-BE54-9A1E7A4F7556}") = "Tyuiu.ZainetdinovRA.Sprint1.Task6.V2.Test", "Tyuiu.ZainetdinovRA.Sprint1.Task6.V2.Test\Tyuiu.ZainetdinovRA.Sprint1.Task6.V2.Test.csproj", "{B431703C-6B51-44C0-A69D-9E1AB8DB46C2}"
EndProject
Project("{9A19103F-16F7-4668-BE54-9A1E7A4F7556}") = "Tyuiu.ZainetdinovRA.Sprint1.Task6.V2", "Tyuiu.ZainetdinovRA.Sprint1.Task6.V2\Tyuiu.ZainetdinovRA.Sprint1.Task6.V2.csproj", "{49DC3D60-95BC-4F9C-B5E0-269D536E9506}"
EndProject
Project("{2150E333-8FDC-42A3-9474-1A3956D46DE8}") = "Task7", "Task7", "{D2FE6511-3C83-4DBC-B67D-8C57C5BBBA73}"
EndProject
Project("{FAE04EC0-301F-11D3-BF4B-00C04F79EFBC}") = "Tyuiu.ZainetdinovRA.Sprint1.Task7.V8", "Tyuiu.ZainetdinovRA.Sprint1.Task7.V8\Tyuiu.ZainetdinovRA.Sprint1.Task7.V8.csproj", "{868E1F65-F78D-4C41-8839-59FC500ED0C5}"
EndProject
Global
	GlobalSection(SolutionConfigurationPlatforms) = preSolution
		Debug|Any CPU = Debug|Any CPU
		Release|Any CPU = Release|Any CPU
	EndGlobalSection
	GlobalSection(ProjectConfigurationPlatforms) = postSolution
		{9D74DC04-649E-44D5-810D-7B05FFE83C05}.Debug|Any CPU.ActiveCfg = Debug|Any CPU
		{9D74DC04-649E-44D5-810D-7B05FFE83C05}.Debug|Any CPU.Build.0 = Debug|Any CPU
		{9D74DC04-649E-44D5-810D-7B05FFE83C05}.Release|Any CPU.ActiveCfg = Release|Any CPU
		{9D74DC04-649E-44D5-810D-7B05FFE83C05}.Release|Any CPU.Build.0 = Release|Any CPU
		{5B27745E-F63F-403C-AA84-E401C1BBE12C}.Debug|Any CPU.ActiveCfg = Debug|Any CPU
		{5B27745E-F63F-403C-AA84-E401C1BBE12C}.Debug|Any CPU.Build.0 = Debug|Any CPU
		{5B27745E-F63F-403C-AA84-E401C1BBE12C}.Release|Any CPU.ActiveCfg = Release|Any CPU
		{5B27745E-F63F-403C-AA84-E401C1BBE12C}.Release|Any CPU.Build.0 = Release|Any CPU
		{2AF68E5B-854C-4634-8617-5835E26BFF7D}.Debug|Any CPU.ActiveCfg = Debug|Any CPU
		{2AF68E5B-854C-4634-8617-5835E26BFF7D}.Debug|Any CPU.Build.0 = Debug|Any CPU
		{2AF68E5B-854C-4634-8617-5835E26BFF7D}.Release|Any CPU.ActiveCfg = Release|Any CPU
		{2AF68E5B-854C-4634-8617-5835E26BFF7D}.Release|Any CPU.Build.0 = Release|Any CPU
		{06FE0FB5-295E-495B-BC19-D1FFA390BDCF}.Debug|Any CPU.ActiveCfg = Debug|Any CPU
		{06FE0FB5-295E-495B-BC19-D1FFA390BDCF}.Debug|Any CPU.Build.0 = Debug|Any CPU
		{06FE0FB5-295E-495B-BC19-D1FFA390BDCF}.Release|Any CPU.ActiveCfg = Release|Any CPU
		{06FE0FB5-295E-495B-BC19-D1FFA390BDCF}.Release|Any CPU.Build.0 = Release|Any CPU
		{F5920EE1-E8B1-4A19-87C1-1C5B0F76C666}.Debug|Any CPU.ActiveCfg = Debug|Any CPU
		{F5920EE1-E8B1-4A19-87C1-1C5B0F76C666}.Debug|Any CPU.Build.0 = Debug|Any CPU
		{F5920EE1-E8B1-4A19-87C1-1C5B0F76C666}.Release|Any CPU.ActiveCfg = Release|Any CPU
		{F5920EE1-E8B1-4A19-87C1-1C5B0F76C666}.Release|Any CPU.Build.0 = Release|Any CPU
		{3E8E2CD5-1F60-4138-8722-72B3CE601E10}.Debug|Any CPU.ActiveCfg = Debug|Any CPU
		{3E8E2CD5-1F60-4138-8722-72B3CE601E10}.Debug|Any CPU.Build.0 = Debug|Any CPU
		{3E8E2CD5-1F60-4138-8722-72B3CE601E10}.Release|Any CPU.ActiveCfg = Release|Any CPU
		{3E8E2CD5-1F60-4138-8722-72B3CE601E10}.Release|Any CPU.Build.0 = Release|Any CPU
		{15BB458C-093D-4FCD-9F3A-0852D7A51A70}.Debug|Any CPU.ActiveCfg = Debug|Any CPU
		{15BB458C-093D-4FCD-9F3A-0852D7A51A70}.Debug|Any CPU.Build.0 = Debug|Any CPU
		{15BB458C-093D-4FCD-9F3A-0852D7A51A70}.Release|Any CPU.ActiveCfg = Release|Any CPU
		{15BB458C-093D-4FCD-9F3A-0852D7A51A70}.Release|Any CPU.Build.0 = Release|Any CPU
		{EF09FC20-AEDA-49FE-A0EF-3A610E547FC5}.Debug|Any CPU.ActiveCfg = Debug|Any CPU
		{EF09FC20-AEDA-49FE-A0EF-3A610E547FC5}.Debug|Any CPU.Build.0 = Debug|Any CPU
		{EF09FC20-AEDA-49FE-A0EF-3A610E547FC5}.Release|Any CPU.ActiveCfg = Release|Any CPU
		{EF09FC20-AEDA-49FE-A0EF-3A610E547FC5}.Release|Any CPU.Build.0 = Release|Any CPU
		{2F95034C-74EF-4F4C-AB81-7130DAAC4074}.Debug|Any CPU.ActiveCfg = Debug|Any CPU
		{2F95034C-74EF-4F4C-AB81-7130DAAC4074}.Debug|Any CPU.Build.0 = Debug|Any CPU
		{2F95034C-74EF-4F4C-AB81-7130DAAC4074}.Release|Any CPU.ActiveCfg = Release|Any CPU
		{2F95034C-74EF-4F4C-AB81-7130DAAC4074}.Release|Any CPU.Build.0 = Release|Any CPU
		{1119F26A-BAFB-4831-907F-DE287436FEBD}.Debug|Any CPU.ActiveCfg = Debug|Any CPU
		{1119F26A-BAFB-4831-907F-DE287436FEBD}.Debug|Any CPU.Build.0 = Debug|Any CPU
		{1119F26A-BAFB-4831-907F-DE287436FEBD}.Release|Any CPU.ActiveCfg = Release|Any CPU
		{1119F26A-BAFB-4831-907F-DE287436FEBD}.Release|Any CPU.Build.0 = Release|Any CPU
		{11778D91-CA54-4D46-B187-BA915666D468}.Debug|Any CPU.ActiveCfg = Debug|Any CPU
		{11778D91-CA54-4D46-B187-BA915666D468}.Debug|Any CPU.Build.0 = Debug|Any CPU
		{11778D91-CA54-4D46-B187-BA915666D468}.Release|Any CPU.ActiveCfg = Release|Any CPU
		{11778D91-CA54-4D46-B187-BA915666D468}.Release|Any CPU.Build.0 = Release|Any CPU
		{05E4EEB3-EFD0-490E-8B02-C46B9DB96D88}.Debug|Any CPU.ActiveCfg = Debug|Any CPU
		{05E4EEB3-EFD0-490E-8B02-C46B9DB96D88}.Debug|Any CPU.Build.0 = Debug|Any CPU
		{05E4EEB3-EFD0-490E-8B02-C46B9DB96D88}.Release|Any CPU.ActiveCfg = Release|Any CPU
		{05E4EEB3-EFD0-490E-8B02-C46B9DB96D88}.Release|Any CPU.Build.0 = Release|Any CPU
		{7D3F8D4A-F802-42C8-A6B7-CF567110E0C3}.Debug|Any CPU.ActiveCfg = Debug|Any CPU
		{7D3F8D4A-F802-42C8-A6B7-CF567110E0C3}.Debug|Any CPU.Build.0 = Debug|Any CPU
		{7D3F8D4A-F802-42C8-A6B7-CF567110E0C3}.Release|Any CPU.ActiveCfg = Release|Any CPU
		{7D3F8D4A-F802-42C8-A6B7-CF567110E0C3}.Release|Any CPU.Build.0 = Release|Any CPU
		{4383F9F3-03BD-44AE-8A0D-316C9AFD9AC1}.Debug|Any CPU.ActiveCfg = Debug|Any CPU
		{4383F9F3-03BD-44AE-8A0D-316C9AFD9AC1}.Debug|Any CPU.Build.0 = Debug|Any CPU
		{4383F9F3-03BD-44AE-8A0D-316C9AFD9AC1}.Release|Any CPU.ActiveCfg = Release|Any CPU
		{4383F9F3-03BD-44AE-8A0D-316C9AFD9AC1}.Release|Any CPU.Build.0 = Release|Any CPU
		{7A4E07C3-C479-4D6D-BA78-9303652B6064}.Debug|Any CPU.ActiveCfg = Debug|Any CPU
		{7A4E07C3-C479-4D6D-BA78-9303652B6064}.Debug|Any CPU.Build.0 = Debug|Any CPU
		{7A4E07C3-C479-4D6D-BA78-9303652B6064}.Release|Any CPU.ActiveCfg = Release|Any CPU
		{7A4E07C3-C479-4D6D-BA78-9303652B6064}.Release|Any CPU.Build.0 = Release|Any CPU
		{8D850DC6-0253-4F9D-AD28-E5A0010ACCE8}.Debug|Any CPU.ActiveCfg = Debug|Any CPU
		{8D850DC6-0253-4F9D-AD28-E5A0010ACCE8}.Debug|Any CPU.Build.0 = Debug|Any CPU
		{8D850DC6-0253-4F9D-AD28-E5A0010ACCE8}.Release|Any CPU.ActiveCfg = Release|Any CPU
		{8D850DC6-0253-4F9D-AD28-E5A0010ACCE8}.Release|Any CPU.Build.0 = Release|Any CPU
		{9015FD4E-86DB-465E-AB86-8A2FEEC66467}.Debug|Any CPU.ActiveCfg = Debug|Any CPU
		{9015FD4E-86DB-465E-AB86-8A2FEEC66467}.Debug|Any CPU.Build.0 = Debug|Any CPU
		{9015FD4E-86DB-465E-AB86-8A2FEEC66467}.Release|Any CPU.ActiveCfg = Release|Any CPU
		{9015FD4E-86DB-465E-AB86-8A2FEEC66467}.Release|Any CPU.Build.0 = Release|Any CPU
		{0A73A0C9-739C-43CB-A5AB-3B8DF7519DA2}.Debug|Any CPU.ActiveCfg = Debug|Any CPU
		{0A73A0C9-739C-43CB-A5AB-3B8DF7519DA2}.Debug|Any CPU.Build.0 = Debug|Any CPU
		{0A73A0C9-739C-43CB-A5AB-3B8DF7519DA2}.Release|Any CPU.ActiveCfg = Release|Any CPU
		{0A73A0C9-739C-43CB-A5AB-3B8DF7519DA2}.Release|Any CPU.Build.0 = Release|Any CPU
		{5F57DD96-361A-4914-839A-19DB4878EE71}.Debug|Any CPU.ActiveCfg = Debug|Any CPU
		{5F57DD96-361A-4914-839A-19DB4878EE71}.Debug|Any CPU.Build.0 = Debug|Any CPU
		{5F57DD96-361A-4914-839A-19DB4878EE71}.Release|Any CPU.ActiveCfg = Release|Any CPU
		{5F57DD96-361A-4914-839A-19DB4878EE71}.Release|Any CPU.Build.0 = Release|Any CPU
		{B431703C-6B51-44C0-A69D-9E1AB8DB46C2}.Debug|Any CPU.ActiveCfg = Debug|Any CPU
		{B431703C-6B51-44C0-A69D-9E1AB8DB46C2}.Debug|Any CPU.Build.0 = Debug|Any CPU
		{B431703C-6B51-44C0-A69D-9E1AB8DB46C2}.Release|Any CPU.ActiveCfg = Release|Any CPU
		{B431703C-6B51-44C0-A69D-9E1AB8DB46C2}.Release|Any CPU.Build.0 = Release|Any CPU
		{49DC3D60-95BC-4F9C-B5E0-269D536E9506}.Debug|Any CPU.ActiveCfg = Debug|Any CPU
		{49DC3D60-95BC-4F9C-B5E0-269D536E9506}.Debug|Any CPU.Build.0 = Debug|Any CPU
		{49DC3D60-95BC-4F9C-B5E0-269D536E9506}.Release|Any CPU.ActiveCfg = Release|Any CPU
		{49DC3D60-95BC-4F9C-B5E0-269D536E9506}.Release|Any CPU.Build.0 = Release|Any CPU
		{868E1F65-F78D-4C41-8839-59FC500ED0C5}.Debug|Any CPU.ActiveCfg = Debug|Any CPU
		{868E1F65-F78D-4C41-8839-59FC500ED0C5}.Debug|Any CPU.Build.0 = Debug|Any CPU
		{868E1F65-F78D-4C41-8839-59FC500ED0C5}.Release|Any CPU.ActiveCfg = Release|Any CPU
		{868E1F65-F78D-4C41-8839-59FC500ED0C5}.Release|Any CPU.Build.0 = Release|Any CPU
		{D3815E3A-A9E9-4819-9F8A-DAC449211963}.Debug|Any CPU.ActiveCfg = Debug|Any CPU
		{D3815E3A-A9E9-4819-9F8A-DAC449211963}.Debug|Any CPU.Build.0 = Debug|Any CPU
		{D3815E3A-A9E9-4819-9F8A-DAC449211963}.Release|Any CPU.ActiveCfg = Release|Any CPU
		{D3815E3A-A9E9-4819-9F8A-DAC449211963}.Release|Any CPU.Build.0 = Release|Any CPU
		{70270790-4FB0-47B6-B325-5A1A49F6107A}.Debug|Any CPU.ActiveCfg = Debug|Any CPU
		{70270790-4FB0-47B6-B325-5A1A49F6107A}.Debug|Any CPU.Build.0 = Debug|Any CPU
		{70270790-4FB0-47B6-B325-5A1A49F6107A}.Release|Any CPU.ActiveCfg = Release|Any CPU
		{70270790-4FB0-47B6-B325-5A1A49F6107A}.Release|Any CPU.Build.0 = Release|Any CPU
	EndGlobalSection
	GlobalSection(SolutionProperties) = preSolution
		HideSolutionNode = FALSE
	EndGlobalSection
	GlobalSection(NestedProjects) = preSolution
		{9D74DC04-649E-44D5-810D-7B05FFE83C05} = {05109A5A-4E89-44C8-9436-92DA3FB73BA3}
		{5B27745E-F63F-403C-AA84-E401C1BBE12C} = {05109A5A-4E89-44C8-9436-92DA3FB73BA3}
		{2AF68E5B-854C-4634-8617-5835E26BFF7D} = {05109A5A-4E89-44C8-9436-92DA3FB73BA3}
		{06FE0FB5-295E-495B-BC19-D1FFA390BDCF} = {3C75C75F-806F-4083-A738-4B543694105C}
		{F5920EE1-E8B1-4A19-87C1-1C5B0F76C666} = {3C75C75F-806F-4083-A738-4B543694105C}
		{3E8E2CD5-1F60-4138-8722-72B3CE601E10} = {3C75C75F-806F-4083-A738-4B543694105C}
		{15BB458C-093D-4FCD-9F3A-0852D7A51A70} = {F65CAA9C-A4B3-416E-B6BC-DF1F290BE71A}
		{EF09FC20-AEDA-49FE-A0EF-3A610E547FC5} = {F65CAA9C-A4B3-416E-B6BC-DF1F290BE71A}
		{2F95034C-74EF-4F4C-AB81-7130DAAC4074} = {F65CAA9C-A4B3-416E-B6BC-DF1F290BE71A}
		{1119F26A-BAFB-4831-907F-DE287436FEBD} = {B3970FD1-1FA4-4671-A8F1-60BF86BCD25D}
		{11778D91-CA54-4D46-B187-BA915666D468} = {B3970FD1-1FA4-4671-A8F1-60BF86BCD25D}
		{05E4EEB3-EFD0-490E-8B02-C46B9DB96D88} = {B3970FD1-1FA4-4671-A8F1-60BF86BCD25D}
		{7D3F8D4A-F802-42C8-A6B7-CF567110E0C3} = {22E6BB94-5E21-4715-9FFB-9FA7B079BE6C}
		{4383F9F3-03BD-44AE-8A0D-316C9AFD9AC1} = {22E6BB94-5E21-4715-9FFB-9FA7B079BE6C}
		{7A4E07C3-C479-4D6D-BA78-9303652B6064} = {22E6BB94-5E21-4715-9FFB-9FA7B079BE6C}
		{8D850DC6-0253-4F9D-AD28-E5A0010ACCE8} = {8812A843-1B68-4021-B257-D5B0A89E561B}
		{9015FD4E-86DB-465E-AB86-8A2FEEC66467} = {8812A843-1B68-4021-B257-D5B0A89E561B}
		{0A73A0C9-739C-43CB-A5AB-3B8DF7519DA2} = {8812A843-1B68-4021-B257-D5B0A89E561B}
		{5F57DD96-361A-4914-839A-19DB4878EE71} = {21FACC9E-8F38-4A54-8840-01B2C4B3D8FB}
		{B431703C-6B51-44C0-A69D-9E1AB8DB46C2} = {21FACC9E-8F38-4A54-8840-01B2C4B3D8FB}
		{49DC3D60-95BC-4F9C-B5E0-269D536E9506} = {21FACC9E-8F38-4A54-8840-01B2C4B3D8FB}
		{868E1F65-F78D-4C41-8839-59FC500ED0C5} = {D2FE6511-3C83-4DBC-B67D-8C57C5BBBA73}
		{D3815E3A-A9E9-4819-9F8A-DAC449211963} = {D2FE6511-3C83-4DBC-B67D-8C57C5BBBA73}
		{70270790-4FB0-47B6-B325-5A1A49F6107A} = {D2FE6511-3C83-4DBC-B67D-8C57C5BBBA73}
	EndGlobalSection
	GlobalSection(ExtensibilityGlobals) = postSolution
		SolutionGuid = {D3EBE30E-2FDA-4008-89C2-D24736C1A540}
	EndGlobalSection
EndGlobal
